
Microsoft Visual Studio Solution File, Format Version 12.00
# Visual Studio Version 17
VisualStudioVersion = 17.3.32922.545
MinimumVisualStudioVersion = 10.0.40219.1
Project("{FAE04EC0-301F-11D3-BF4B-00C04F79EFBC}") = "2 дз", "2 дз\2 дз.csproj", "{271B8E6C-6EB8-4FB0-BD9B-D6CD5D350064}"
EndProject
Global
	GlobalSection(SolutionConfigurationPlatforms) = preSolution
		Debug|Any CPU = Debug|Any CPU
		Release|Any CPU = Release|Any CPU
	EndGlobalSection
	GlobalSection(ProjectConfigurationPlatforms) = postSolution
		{271B8E6C-6EB8-4FB0-BD9B-D6CD5D350064}.Debug|Any CPU.ActiveCfg = Debug|Any CPU
		{271B8E6C-6EB8-4FB0-BD9B-D6CD5D350064}.Debug|Any CPU.Build.0 = Debug|Any CPU
		{271B8E6C-6EB8-4FB0-BD9B-D6CD5D350064}.Release|Any CPU.ActiveCfg = Release|Any CPU
		{271B8E6C-6EB8-4FB0-BD9B-D6CD5D350064}.Release|Any CPU.Build.0 = Release|Any CPU
	EndGlobalSection
	GlobalSection(SolutionProperties) = preSolution
		HideSolutionNode = FALSE
	EndGlobalSection
	GlobalSection(ExtensibilityGlobals) = postSolution
		SolutionGuid = {2CC85AE1-FFFD-486C-A511-7F22CF14E6D7}
	EndGlobalSection
EndGlobal
